
Microsoft Visual Studio Solution File, Format Version 12.00
# Visual Studio Version 16
VisualStudioVersion = 16.0.30523.141
MinimumVisualStudioVersion = 10.0.40219.1
Project("{9A19103F-16F7-4668-BE54-9A1E7A4F7556}") = "MarkdownMonsterAddinTemplate", "MarkdownMonsterAddinTemplate.csproj", "{BB018E23-8C63-4EC8-8C71-53AF5C7D9022}"
EndProject
Global
	GlobalSection(SolutionConfigurationPlatforms) = preSolution
		Debug|Any CPU = Debug|Any CPU
		Release|Any CPU = Release|Any CPU
	EndGlobalSection
	GlobalSection(ProjectConfigurationPlatforms) = postSolution
		{BB018E23-8C63-4EC8-8C71-53AF5C7D9022}.Debug|Any CPU.ActiveCfg = Debug|Any CPU
		{BB018E23-8C63-4EC8-8C71-53AF5C7D9022}.Debug|Any CPU.Build.0 = Debug|Any CPU
		{BB018E23-8C63-4EC8-8C71-53AF5C7D9022}.Release|Any CPU.ActiveCfg = Release|Any CPU
		{BB018E23-8C63-4EC8-8C71-53AF5C7D9022}.Release|Any CPU.Build.0 = Release|Any CPU
	EndGlobalSection
	GlobalSection(SolutionProperties) = preSolution
		HideSolutionNode = FALSE
	EndGlobalSection
	GlobalSection(ExtensibilityGlobals) = postSolution
		SolutionGuid = {8C2FADD5-B8A7-4CB7-A2F5-8541A3A3408D}
	EndGlobalSection
EndGlobal
